
Microsoft Visual Studio Solution File, Format Version 12.00
# Visual Studio Version 17
VisualStudioVersion = 17.1.32210.238
MinimumVisualStudioVersion = 10.0.40219.1
Project("{FAE04EC0-301F-11D3-BF4B-00C04F79EFBC}") = "TutorialPart6", "TutorialPart6.csproj", "{A91C43FA-FC69-4294-9F22-6E81FD81213B}"
EndProject
Global
	GlobalSection(SolutionConfigurationPlatforms) = preSolution
		Debug|Any CPU = Debug|Any CPU
		Release|Any CPU = Release|Any CPU
	EndGlobalSection
	GlobalSection(ProjectConfigurationPlatforms) = postSolution
		{A91C43FA-FC69-4294-9F22-6E81FD81213B}.Debug|Any CPU.ActiveCfg = Debug|Any CPU
		{A91C43FA-FC69-4294-9F22-6E81FD81213B}.Debug|Any CPU.Build.0 = Debug|Any CPU
		{A91C43FA-FC69-4294-9F22-6E81FD81213B}.Release|Any CPU.ActiveCfg = Release|Any CPU
		{A91C43FA-FC69-4294-9F22-6E81FD81213B}.Release|Any CPU.Build.0 = Release|Any CPU
	EndGlobalSection
	GlobalSection(SolutionProperties) = preSolution
		HideSolutionNode = FALSE
	EndGlobalSection
	GlobalSection(ExtensibilityGlobals) = postSolution
		SolutionGuid = {F66B244C-D7F8-4332-BEE4-D2395A507A97}
	EndGlobalSection
EndGlobal
