
Microsoft Visual Studio Solution File, Format Version 12.00
# Visual Studio Version 17
VisualStudioVersion = 17.1.32210.238
MinimumVisualStudioVersion = 10.0.40219.1
Project("{FAE04EC0-301F-11D3-BF4B-00C04F79EFBC}") = "SentenceBuilderPart2", "SentenceBuilderPart2.csproj", "{A2F674CF-387E-48C3-ACF5-802DF8FF337F}"
EndProject
Global
	GlobalSection(SolutionConfigurationPlatforms) = preSolution
		Debug|Any CPU = Debug|Any CPU
		Release|Any CPU = Release|Any CPU
	EndGlobalSection
	GlobalSection(ProjectConfigurationPlatforms) = postSolution
		{A2F674CF-387E-48C3-ACF5-802DF8FF337F}.Debug|Any CPU.ActiveCfg = Debug|Any CPU
		{A2F674CF-387E-48C3-ACF5-802DF8FF337F}.Debug|Any CPU.Build.0 = Debug|Any CPU
		{A2F674CF-387E-48C3-ACF5-802DF8FF337F}.Release|Any CPU.ActiveCfg = Release|Any CPU
		{A2F674CF-387E-48C3-ACF5-802DF8FF337F}.Release|Any CPU.Build.0 = Release|Any CPU
	EndGlobalSection
	GlobalSection(SolutionProperties) = preSolution
		HideSolutionNode = FALSE
	EndGlobalSection
	GlobalSection(ExtensibilityGlobals) = postSolution
		SolutionGuid = {6253F850-F332-4291-AAC8-53F6704C99FB}
	EndGlobalSection
EndGlobal
