
Microsoft Visual Studio Solution File, Format Version 12.00
# Visual Studio Version 17
VisualStudioVersion = 17.3.32901.215
MinimumVisualStudioVersion = 10.0.40219.1
Project("{FAE04EC0-301F-11D3-BF4B-00C04F79EFBC}") = "BasicCalculator", "BasicCalculator\BasicCalculator.csproj", "{B974C6F6-63C9-41BD-B1CD-E4A2F88AD32D}"
EndProject
Project("{FAE04EC0-301F-11D3-BF4B-00C04F79EFBC}") = "CalculatorPrivateAssembly", "CalculatorPrivateAssemblyy\CalculatorPrivateAssembly.csproj", "{615BF59C-53F1-49A3-86AB-652E5F9017E8}"
EndProject
Global
	GlobalSection(SolutionConfigurationPlatforms) = preSolution
		Debug|Any CPU = Debug|Any CPU
		Release|Any CPU = Release|Any CPU
	EndGlobalSection
	GlobalSection(ProjectConfigurationPlatforms) = postSolution
		{B974C6F6-63C9-41BD-B1CD-E4A2F88AD32D}.Debug|Any CPU.ActiveCfg = Debug|Any CPU
		{B974C6F6-63C9-41BD-B1CD-E4A2F88AD32D}.Debug|Any CPU.Build.0 = Debug|Any CPU
		{B974C6F6-63C9-41BD-B1CD-E4A2F88AD32D}.Release|Any CPU.ActiveCfg = Release|Any CPU
		{B974C6F6-63C9-41BD-B1CD-E4A2F88AD32D}.Release|Any CPU.Build.0 = Release|Any CPU
		{615BF59C-53F1-49A3-86AB-652E5F9017E8}.Debug|Any CPU.ActiveCfg = Debug|Any CPU
		{615BF59C-53F1-49A3-86AB-652E5F9017E8}.Debug|Any CPU.Build.0 = Debug|Any CPU
		{615BF59C-53F1-49A3-86AB-652E5F9017E8}.Release|Any CPU.ActiveCfg = Release|Any CPU
		{615BF59C-53F1-49A3-86AB-652E5F9017E8}.Release|Any CPU.Build.0 = Release|Any CPU
	EndGlobalSection
	GlobalSection(SolutionProperties) = preSolution
		HideSolutionNode = FALSE
	EndGlobalSection
	GlobalSection(ExtensibilityGlobals) = postSolution
		SolutionGuid = {C14B10F3-BAA4-4F97-A59D-9426E0EA38CC}
	EndGlobalSection
EndGlobal
