
Microsoft Visual Studio Solution File, Format Version 12.00
# Visual Studio Version 17
VisualStudioVersion = 17.1.32210.238
MinimumVisualStudioVersion = 10.0.40219.1
Project("{FAE04EC0-301F-11D3-BF4B-00C04F79EFBC}") = "03 eLMS Activity 1", "03 eLMS Activity 1.csproj", "{4BA33A26-502D-4939-AC4D-C1BA840C2C24}"
EndProject
Global
	GlobalSection(SolutionConfigurationPlatforms) = preSolution
		Debug|Any CPU = Debug|Any CPU
		Release|Any CPU = Release|Any CPU
	EndGlobalSection
	GlobalSection(ProjectConfigurationPlatforms) = postSolution
		{4BA33A26-502D-4939-AC4D-C1BA840C2C24}.Debug|Any CPU.ActiveCfg = Debug|Any CPU
		{4BA33A26-502D-4939-AC4D-C1BA840C2C24}.Debug|Any CPU.Build.0 = Debug|Any CPU
		{4BA33A26-502D-4939-AC4D-C1BA840C2C24}.Release|Any CPU.ActiveCfg = Release|Any CPU
		{4BA33A26-502D-4939-AC4D-C1BA840C2C24}.Release|Any CPU.Build.0 = Release|Any CPU
	EndGlobalSection
	GlobalSection(SolutionProperties) = preSolution
		HideSolutionNode = FALSE
	EndGlobalSection
	GlobalSection(ExtensibilityGlobals) = postSolution
		SolutionGuid = {D7518E96-9B73-4D4E-A743-F9A91AD91373}
	EndGlobalSection
EndGlobal
